// !$*UTF8*$!
{
	archiveVersion = 1;
	classes = {
	};
	objectVersion = 50;
	objects = {

/* Begin PBXBuildFile section */
		9B417FC6252DA57D006947B3 /* HomeViewController.swift in Sources */ = {isa = PBXBuildFile; fileRef = 9B417FC5252DA57D006947B3 /* HomeViewController.swift */; };
		9B7A1E2D252CBBB800B437F6 /* AppDelegate.swift in Sources */ = {isa = PBXBuildFile; fileRef = 9B7A1E2C252CBBB800B437F6 /* AppDelegate.swift */; };
		9B7A1E2F252CBBB800B437F6 /* SceneDelegate.swift in Sources */ = {isa = PBXBuildFile; fileRef = 9B7A1E2E252CBBB800B437F6 /* SceneDelegate.swift */; };
		9B7A1E36252CBBBA00B437F6 /* Assets.xcassets in Resources */ = {isa = PBXBuildFile; fileRef = 9B7A1E35252CBBBA00B437F6 /* Assets.xcassets */; };
		9B7A1E39252CBBBA00B437F6 /* LaunchScreen.storyboard in Resources */ = {isa = PBXBuildFile; fileRef = 9B7A1E37252CBBBA00B437F6 /* LaunchScreen.storyboard */; };
		9B7A1E44252CBBBA00B437F6 /* RestAPIPOCTests.swift in Sources */ = {isa = PBXBuildFile; fileRef = 9B7A1E43252CBBBA00B437F6 /* RestAPIPOCTests.swift */; };
		9B7A1E4F252CBBBA00B437F6 /* RestAPIPOCUITests.swift in Sources */ = {isa = PBXBuildFile; fileRef = 9B7A1E4E252CBBBA00B437F6 /* RestAPIPOCUITests.swift */; };
/* End PBXBuildFile section */

/* Begin PBXContainerItemProxy section */
		9B7A1E40252CBBBA00B437F6 /* PBXContainerItemProxy */ = {
			isa = PBXContainerItemProxy;
			containerPortal = 9B7A1E21252CBBB800B437F6 /* Project object */;
			proxyType = 1;
			remoteGlobalIDString = 9B7A1E28252CBBB800B437F6;
			remoteInfo = RestAPIPOC;
		};
		9B7A1E4B252CBBBA00B437F6 /* PBXContainerItemProxy */ = {
			isa = PBXContainerItemProxy;
			containerPortal = 9B7A1E21252CBBB800B437F6 /* Project object */;
			proxyType = 1;
			remoteGlobalIDString = 9B7A1E28252CBBB800B437F6;
			remoteInfo = RestAPIPOC;
		};
/* End PBXContainerItemProxy section */

/* Begin PBXFileReference section */
		9B417FC5252DA57D006947B3 /* HomeViewController.swift */ = {isa = PBXFileReference; lastKnownFileType = sourcecode.swift; path = HomeViewController.swift; sourceTree = "<group>"; };
		9B7A1E29252CBBB800B437F6 /* RestAPIPOC.app */ = {isa = PBXFileReference; explicitFileType = wrapper.application; includeInIndex = 0; path = RestAPIPOC.app; sourceTree = BUILT_PRODUCTS_DIR; };
		9B7A1E2C252CBBB800B437F6 /* AppDelegate.swift */ = {isa = PBXFileReference; lastKnownFileType = sourcecode.swift; path = AppDelegate.swift; sourceTree = "<group>"; };
		9B7A1E2E252CBBB800B437F6 /* SceneDelegate.swift */ = {isa = PBXFileReference; lastKnownFileType = sourcecode.swift; path = SceneDelegate.swift; sourceTree = "<group>"; };
		9B7A1E35252CBBBA00B437F6 /* Assets.xcassets */ = {isa = PBXFileReference; lastKnownFileType = folder.assetcatalog; path = Assets.xcassets; sourceTree = "<group>"; };
		9B7A1E38252CBBBA00B437F6 /* Base */ = {isa = PBXFileReference; lastKnownFileType = file.storyboard; name = Base; path = Base.lproj/LaunchScreen.storyboard; sourceTree = "<group>"; };
		9B7A1E3A252CBBBA00B437F6 /* Info.plist */ = {isa = PBXFileReference; lastKnownFileType = text.plist.xml; path = Info.plist; sourceTree = "<group>"; };
		9B7A1E3F252CBBBA00B437F6 /* RestAPIPOCTests.xctest */ = {isa = PBXFileReference; explicitFileType = wrapper.cfbundle; includeInIndex = 0; path = RestAPIPOCTests.xctest; sourceTree = BUILT_PRODUCTS_DIR; };
		9B7A1E43252CBBBA00B437F6 /* RestAPIPOCTests.swift */ = {isa = PBXFileReference; lastKnownFileType = sourcecode.swift; path = RestAPIPOCTests.swift; sourceTree = "<group>"; };
		9B7A1E45252CBBBA00B437F6 /* Info.plist */ = {isa = PBXFileReference; lastKnownFileType = text.plist.xml; path = Info.plist; sourceTree = "<group>"; };
		9B7A1E4A252CBBBA00B437F6 /* RestAPIPOCUITests.xctest */ = {isa = PBXFileReference; explicitFileType = wrapper.cfbundle; includeInIndex = 0; path = RestAPIPOCUITests.xctest; sourceTree = BUILT_PRODUCTS_DIR; };
		9B7A1E4E252CBBBA00B437F6 /* RestAPIPOCUITests.swift */ = {isa = PBXFileReference; lastKnownFileType = sourcecode.swift; path = RestAPIPOCUITests.swift; sourceTree = "<group>"; };
		9B7A1E50252CBBBA00B437F6 /* Info.plist */ = {isa = PBXFileReference; lastKnownFileType = text.plist.xml; path = Info.plist; sourceTree = "<group>"; };
/* End PBXFileReference section */

/* Begin PBXFrameworksBuildPhase section */
		9B7A1E26252CBBB800B437F6 /* Frameworks */ = {
			isa = PBXFrameworksBuildPhase;
			buildActionMask = 2147483647;
			files = (
			);
			runOnlyForDeploymentPostprocessing = 0;
		};
		9B7A1E3C252CBBBA00B437F6 /* Frameworks */ = {
			isa = PBXFrameworksBuildPhase;
			buildActionMask = 2147483647;
			files = (
			);
			runOnlyForDeploymentPostprocessing = 0;
		};
		9B7A1E47252CBBBA00B437F6 /* Frameworks */ = {
			isa = PBXFrameworksBuildPhase;
			buildActionMask = 2147483647;
			files = (
			);
			runOnlyForDeploymentPostprocessing = 0;
		};
/* End PBXFrameworksBuildPhase section */

/* Begin PBXGroup section */
		9B417FC0252DA3F7006947B3 /* Controllers */ = {
			isa = PBXGroup;
			children = (
				9B417FC5252DA57D006947B3 /* HomeViewController.swift */,
			);
			path = Controllers;
			sourceTree = "<group>";
		};
		9B417FC1252DA405006947B3 /* Views */ = {
			isa = PBXGroup;
			children = (
			);
			path = Views;
			sourceTree = "<group>";
		};
		9B417FC2252DA439006947B3 /* Models */ = {
			isa = PBXGroup;
			children = (
			);
			path = Models;
			sourceTree = "<group>";
		};
		9B417FC3252DA4B1006947B3 /* ViewModels */ = {
			isa = PBXGroup;
			children = (
			);
			path = ViewModels;
			sourceTree = "<group>";
		};
		9B417FC4252DA53B006947B3 /* Networking */ = {
			isa = PBXGroup;
			children = (
			);
			path = Networking;
			sourceTree = "<group>";
		};
		9B7A1E20252CBBB800B437F6 = {
			isa = PBXGroup;
			children = (
				9B7A1E2B252CBBB800B437F6 /* RestAPIPOC */,
				9B7A1E42252CBBBA00B437F6 /* RestAPIPOCTests */,
				9B7A1E4D252CBBBA00B437F6 /* RestAPIPOCUITests */,
				9B7A1E2A252CBBB800B437F6 /* Products */,
			);
			sourceTree = "<group>";
		};
		9B7A1E2A252CBBB800B437F6 /* Products */ = {
			isa = PBXGroup;
			children = (
				9B7A1E29252CBBB800B437F6 /* RestAPIPOC.app */,
				9B7A1E3F252CBBBA00B437F6 /* RestAPIPOCTests.xctest */,
				9B7A1E4A252CBBBA00B437F6 /* RestAPIPOCUITests.xctest */,
			);
			name = Products;
			sourceTree = "<group>";
		};
		9B7A1E2B252CBBB800B437F6 /* RestAPIPOC */ = {
			isa = PBXGroup;
			children = (
				9B417FC4252DA53B006947B3 /* Networking */,
				9B417FC0252DA3F7006947B3 /* Controllers */,
				9B417FC1252DA405006947B3 /* Views */,
				9B417FC2252DA439006947B3 /* Models */,
				9B417FC3252DA4B1006947B3 /* ViewModels */,
				9B7A1E2C252CBBB800B437F6 /* AppDelegate.swift */,
				9B7A1E2E252CBBB800B437F6 /* SceneDelegate.swift */,
				9B7A1E35252CBBBA00B437F6 /* Assets.xcassets */,
				9B7A1E37252CBBBA00B437F6 /* LaunchScreen.storyboard */,
				9B7A1E3A252CBBBA00B437F6 /* Info.plist */,
			);
			path = RestAPIPOC;
			sourceTree = "<group>";
		};
		9B7A1E42252CBBBA00B437F6 /* RestAPIPOCTests */ = {
			isa = PBXGroup;
			children = (
				9B7A1E43252CBBBA00B437F6 /* RestAPIPOCTests.swift */,
				9B7A1E45252CBBBA00B437F6 /* Info.plist */,
			);
			path = RestAPIPOCTests;
			sourceTree = "<group>";
		};
		9B7A1E4D252CBBBA00B437F6 /* RestAPIPOCUITests */ = {
			isa = PBXGroup;
			children = (
				9B7A1E4E252CBBBA00B437F6 /* RestAPIPOCUITests.swift */,
				9B7A1E50252CBBBA00B437F6 /* Info.plist */,
			);
			path = RestAPIPOCUITests;
			sourceTree = "<group>";
		};
/* End PBXGroup section */

/* Begin PBXNativeTarget section */
		9B7A1E28252CBBB800B437F6 /* RestAPIPOC */ = {
			isa = PBXNativeTarget;
			buildConfigurationList = 9B7A1E53252CBBBA00B437F6 /* Build configuration list for PBXNativeTarget "RestAPIPOC" */;
			buildPhases = (
				9B7A1E25252CBBB800B437F6 /* Sources */,
				9B7A1E26252CBBB800B437F6 /* Frameworks */,
				9B7A1E27252CBBB800B437F6 /* Resources */,
			);
			buildRules = (
			);
			dependencies = (
			);
			name = RestAPIPOC;
			productName = RestAPIPOC;
			productReference = 9B7A1E29252CBBB800B437F6 /* RestAPIPOC.app */;
			productType = "com.apple.product-type.application";
		};
		9B7A1E3E252CBBBA00B437F6 /* RestAPIPOCTests */ = {
			isa = PBXNativeTarget;
			buildConfigurationList = 9B7A1E56252CBBBA00B437F6 /* Build configuration list for PBXNativeTarget "RestAPIPOCTests" */;
			buildPhases = (
				9B7A1E3B252CBBBA00B437F6 /* Sources */,
				9B7A1E3C252CBBBA00B437F6 /* Frameworks */,
				9B7A1E3D252CBBBA00B437F6 /* Resources */,
			);
			buildRules = (
			);
			dependencies = (
				9B7A1E41252CBBBA00B437F6 /* PBXTargetDependency */,
			);
			name = RestAPIPOCTests;
			productName = RestAPIPOCTests;
			productReference = 9B7A1E3F252CBBBA00B437F6 /* RestAPIPOCTests.xctest */;
			productType = "com.apple.product-type.bundle.unit-test";
		};
		9B7A1E49252CBBBA00B437F6 /* RestAPIPOCUITests */ = {
			isa = PBXNativeTarget;
			buildConfigurationList = 9B7A1E59252CBBBA00B437F6 /* Build configuration list for PBXNativeTarget "RestAPIPOCUITests" */;
			buildPhases = (
				9B7A1E46252CBBBA00B437F6 /* Sources */,
				9B7A1E47252CBBBA00B437F6 /* Frameworks */,
				9B7A1E48252CBBBA00B437F6 /* Resources */,
			);
			buildRules = (
			);
			dependencies = (
				9B7A1E4C252CBBBA00B437F6 /* PBXTargetDependency */,
			);
			name = RestAPIPOCUITests;
			productName = RestAPIPOCUITests;
			productReference = 9B7A1E4A252CBBBA00B437F6 /* RestAPIPOCUITests.xctest */;
			productType = "com.apple.product-type.bundle.ui-testing";
		};
/* End PBXNativeTarget section */

/* Begin PBXProject section */
		9B7A1E21252CBBB800B437F6 /* Project object */ = {
			isa = PBXProject;
			attributes = {
				LastSwiftUpdateCheck = 1150;
				LastUpgradeCheck = 1150;
				ORGANIZATIONNAME = MyOrganisation;
				TargetAttributes = {
					9B7A1E28252CBBB800B437F6 = {
						CreatedOnToolsVersion = 11.5;
					};
					9B7A1E3E252CBBBA00B437F6 = {
						CreatedOnToolsVersion = 11.5;
						TestTargetID = 9B7A1E28252CBBB800B437F6;
					};
					9B7A1E49252CBBBA00B437F6 = {
						CreatedOnToolsVersion = 11.5;
						TestTargetID = 9B7A1E28252CBBB800B437F6;
					};
				};
			};
			buildConfigurationList = 9B7A1E24252CBBB800B437F6 /* Build configuration list for PBXProject "RestAPIPOC" */;
			compatibilityVersion = "Xcode 9.3";
			developmentRegion = en;
			hasScannedForEncodings = 0;
			knownRegions = (
				en,
				Base,
			);
			mainGroup = 9B7A1E20252CBBB800B437F6;
			productRefGroup = 9B7A1E2A252CBBB800B437F6 /* Products */;
			projectDirPath = "";
			projectRoot = "";
			targets = (
				9B7A1E28252CBBB800B437F6 /* RestAPIPOC */,
				9B7A1E3E252CBBBA00B437F6 /* RestAPIPOCTests */,
				9B7A1E49252CBBBA00B437F6 /* RestAPIPOCUITests */,
			);
		};
/* End PBXProject section */

/* Begin PBXResourcesBuildPhase section */
		9B7A1E27252CBBB800B437F6 /* Resources */ = {
			isa = PBXResourcesBuildPhase;
			buildActionMask = 2147483647;
			files = (
				9B7A1E39252CBBBA00B437F6 /* LaunchScreen.storyboard in Resources */,
				9B7A1E36252CBBBA00B437F6 /* Assets.xcassets in Resources */,
			);
			runOnlyForDeploymentPostprocessing = 0;
		};
		9B7A1E3D252CBBBA00B437F6 /* Resources */ = {
			isa = PBXResourcesBuildPhase;
			buildActionMask = 2147483647;
			files = (
			);
			runOnlyForDeploymentPostprocessing = 0;
		};
		9B7A1E48252CBBBA00B437F6 /* Resources */ = {
			isa = PBXResourcesBuildPhase;
			buildActionMask = 2147483647;
			files = (
			);
			runOnlyForDeploymentPostprocessing = 0;
		};
/* End PBXResourcesBuildPhase section */

/* Begin PBXSourcesBuildPhase section */
		9B7A1E25252CBBB800B437F6 /* Sources */ = {
			isa = PBXSourcesBuildPhase;
			buildActionMask = 2147483647;
			files = (
				9B7A1E2D252CBBB800B437F6 /* AppDelegate.swift in Sources */,
				9B7A1E2F252CBBB800B437F6 /* SceneDelegate.swift in Sources */,
				9B417FC6252DA57D006947B3 /* HomeViewController.swift in Sources */,
			);
			runOnlyForDeploymentPostprocessing = 0;
		};
		9B7A1E3B252CBBBA00B437F6 /* Sources */ = {
			isa = PBXSourcesBuildPhase;
			buildActionMask = 2147483647;
			files = (
				9B7A1E44252CBBBA00B437F6 /* RestAPIPOCTests.swift in Sources */,
			);
			runOnlyForDeploymentPostprocessing = 0;
		};
		9B7A1E46252CBBBA00B437F6 /* Sources */ = {
			isa = PBXSourcesBuildPhase;
			buildActionMask = 2147483647;
			files = (
				9B7A1E4F252CBBBA00B437F6 /* RestAPIPOCUITests.swift in Sources */,
			);
			runOnlyForDeploymentPostprocessing = 0;
		};
/* End PBXSourcesBuildPhase section */

/* Begin PBXTargetDependency section */
		9B7A1E41252CBBBA00B437F6 /* PBXTargetDependency */ = {
			isa = PBXTargetDependency;
			target = 9B7A1E28252CBBB800B437F6 /* RestAPIPOC */;
			targetProxy = 9B7A1E40252CBBBA00B437F6 /* PBXContainerItemProxy */;
		};
		9B7A1E4C252CBBBA00B437F6 /* PBXTargetDependency */ = {
			isa = PBXTargetDependency;
			target = 9B7A1E28252CBBB800B437F6 /* RestAPIPOC */;
			targetProxy = 9B7A1E4B252CBBBA00B437F6 /* PBXContainerItemProxy */;
		};
/* End PBXTargetDependency section */

/* Begin PBXVariantGroup section */
		9B7A1E37252CBBBA00B437F6 /* LaunchScreen.storyboard */ = {
			isa = PBXVariantGroup;
			children = (
				9B7A1E38252CBBBA00B437F6 /* Base */,
			);
			name = LaunchScreen.storyboard;
			sourceTree = "<group>";
		};
/* End PBXVariantGroup section */

/* Begin XCBuildConfiguration section */
		9B7A1E51252CBBBA00B437F6 /* Debug */ = {
			isa = XCBuildConfiguration;
			buildSettings = {
				ALWAYS_SEARCH_USER_PATHS = NO;
				CLANG_ANALYZER_NONNULL = YES;
				CLANG_ANALYZER_NUMBER_OBJECT_CONVERSION = YES_AGGRESSIVE;
				CLANG_CXX_LANGUAGE_STANDARD = "gnu++14";
				CLANG_CXX_LIBRARY = "libc++";
				CLANG_ENABLE_MODULES = YES;
				CLANG_ENABLE_OBJC_ARC = YES;
				CLANG_ENABLE_OBJC_WEAK = YES;
				CLANG_WARN_BLOCK_CAPTURE_AUTORELEASING = YES;
				CLANG_WARN_BOOL_CONVERSION = YES;
				CLANG_WARN_COMMA = YES;
				CLANG_WARN_CONSTANT_CONVERSION = YES;
				CLANG_WARN_DEPRECATED_OBJC_IMPLEMENTATIONS = YES;
				CLANG_WARN_DIRECT_OBJC_ISA_USAGE = YES_ERROR;
				CLANG_WARN_DOCUMENTATION_COMMENTS = YES;
				CLANG_WARN_EMPTY_BODY = YES;
				CLANG_WARN_ENUM_CONVERSION = YES;
				CLANG_WARN_INFINITE_RECURSION = YES;
				CLANG_WARN_INT_CONVERSION = YES;
				CLANG_WARN_NON_LITERAL_NULL_CONVERSION = YES;
				CLANG_WARN_OBJC_IMPLICIT_RETAIN_SELF = YES;
				CLANG_WARN_OBJC_LITERAL_CONVERSION = YES;
				CLANG_WARN_OBJC_ROOT_CLASS = YES_ERROR;
				CLANG_WARN_RANGE_LOOP_ANALYSIS = YES;
				CLANG_WARN_STRICT_PROTOTYPES = YES;
				CLANG_WARN_SUSPICIOUS_MOVE = YES;
				CLANG_WARN_UNGUARDED_AVAILABILITY = YES_AGGRESSIVE;
				CLANG_WARN_UNREACHABLE_CODE = YES;
				CLANG_WARN__DUPLICATE_METHOD_MATCH = YES;
				COPY_PHASE_STRIP = NO;
				DEBUG_INFORMATION_FORMAT = dwarf;
				ENABLE_STRICT_OBJC_MSGSEND = YES;
				ENABLE_TESTABILITY = YES;
				GCC_C_LANGUAGE_STANDARD = gnu11;
				GCC_DYNAMIC_NO_PIC = NO;
				GCC_NO_COMMON_BLOCKS = YES;
				GCC_OPTIMIZATION_LEVEL = 0;
				GCC_PREPROCESSOR_DEFINITIONS = (
					"DEBUG=1",
					"$(inherited)",
				);
				GCC_WARN_64_TO_32_BIT_CONVERSION = YES;
				GCC_WARN_ABOUT_RETURN_TYPE = YES_ERROR;
				GCC_WARN_UNDECLARED_SELECTOR = YES;
				GCC_WARN_UNINITIALIZED_AUTOS = YES_AGGRESSIVE;
				GCC_WARN_UNUSED_FUNCTION = YES;
				GCC_WARN_UNUSED_VARIABLE = YES;
				IPHONEOS_DEPLOYMENT_TARGET = 13.5;
				MTL_ENABLE_DEBUG_INFO = INCLUDE_SOURCE;
				MTL_FAST_MATH = YES;
				ONLY_ACTIVE_ARCH = YES;
				SDKROOT = iphoneos;
				SWIFT_ACTIVE_COMPILATION_CONDITIONS = DEBUG;
				SWIFT_OPTIMIZATION_LEVEL = "-Onone";
			};
			name = Debug;
		};
		9B7A1E52252CBBBA00B437F6 /* Release */ = {
			isa = XCBuildConfiguration;
			buildSettings = {
				ALWAYS_SEARCH_USER_PATHS = NO;
				CLANG_ANALYZER_NONNULL = YES;
				CLANG_ANALYZER_NUMBER_OBJECT_CONVERSION = YES_AGGRESSIVE;
				CLANG_CXX_LANGUAGE_STANDARD = "gnu++14";
				CLANG_CXX_LIBRARY = "libc++";
				CLANG_ENABLE_MODULES = YES;
				CLANG_ENABLE_OBJC_ARC = YES;
				CLANG_ENABLE_OBJC_WEAK = YES;
				CLANG_WARN_BLOCK_CAPTURE_AUTORELEASING = YES;
				CLANG_WARN_BOOL_CONVERSION = YES;
				CLANG_WARN_COMMA = YES;
				CLANG_WARN_CONSTANT_CONVERSION = YES;
				CLANG_WARN_DEPRECATED_OBJC_IMPLEMENTATIONS = YES;
				CLANG_WARN_DIRECT_OBJC_ISA_USAGE = YES_ERROR;
				CLANG_WARN_DOCUMENTATION_COMMENTS = YES;
				CLANG_WARN_EMPTY_BODY = YES;
				CLANG_WARN_ENUM_CONVERSION = YES;
				CLANG_WARN_INFINITE_RECURSION = YES;
				CLANG_WARN_INT_CONVERSION = YES;
				CLANG_WARN_NON_LITERAL_NULL_CONVERSION = YES;
				CLANG_WARN_OBJC_IMPLICIT_RETAIN_SELF = YES;
				CLANG_WARN_OBJC_LITERAL_CONVERSION = YES;
				CLANG_WARN_OBJC_ROOT_CLASS = YES_ERROR;
				CLANG_WARN_RANGE_LOOP_ANALYSIS = YES;
				CLANG_WARN_STRICT_PROTOTYPES = YES;
				CLANG_WARN_SUSPICIOUS_MOVE = YES;
				CLANG_WARN_UNGUARDED_AVAILABILITY = YES_AGGRESSIVE;
				CLANG_WARN_UNREACHABLE_CODE = YES;
				CLANG_WARN__DUPLICATE_METHOD_MATCH = YES;
				COPY_PHASE_STRIP = NO;
				DEBUG_INFORMATION_FORMAT = "dwarf-with-dsym";
				ENABLE_NS_ASSERTIONS = NO;
				ENABLE_STRICT_OBJC_MSGSEND = YES;
				GCC_C_LANGUAGE_STANDARD = gnu11;
				GCC_NO_COMMON_BLOCKS = YES;
				GCC_WARN_64_TO_32_BIT_CONVERSION = YES;
				GCC_WARN_ABOUT_RETURN_TYPE = YES_ERROR;
				GCC_WARN_UNDECLARED_SELECTOR = YES;
				GCC_WARN_UNINITIALIZED_AUTOS = YES_AGGRESSIVE;
				GCC_WARN_UNUSED_FUNCTION = YES;
				GCC_WARN_UNUSED_VARIABLE = YES;
				IPHONEOS_DEPLOYMENT_TARGET = 13.5;
				MTL_ENABLE_DEBUG_INFO = NO;
				MTL_FAST_MATH = YES;
				SDKROOT = iphoneos;
				SWIFT_COMPILATION_MODE = wholemodule;
				SWIFT_OPTIMIZATION_LEVEL = "-O";
				VALIDATE_PRODUCT = YES;
			};
			name = Release;
		};
		9B7A1E54252CBBBA00B437F6 /* Debug */ = {
			isa = XCBuildConfiguration;
			buildSettings = {
				ASSETCATALOG_COMPILER_APPICON_NAME = AppIcon;
				CODE_SIGN_STYLE = Automatic;
				INFOPLIST_FILE = RestAPIPOC/Info.plist;
				IPHONEOS_DEPLOYMENT_TARGET = 11.0;
				LD_RUNPATH_SEARCH_PATHS = (
					"$(inherited)",
					"@executable_path/Frameworks",
				);
				PRODUCT_BUNDLE_IDENTIFIER = com.siddharth.RestAPIPOC;
				PRODUCT_NAME = "$(TARGET_NAME)";
				SWIFT_VERSION = 5.0;
				TARGETED_DEVICE_FAMILY = "1,2";
			};
			name = Debug;
		};
		9B7A1E55252CBBBA00B437F6 /* Release */ = {
			isa = XCBuildConfiguration;
			buildSettings = {
				ASSETCATALOG_COMPILER_APPICON_NAME = AppIcon;
				CODE_SIGN_STYLE = Automatic;
				INFOPLIST_FILE = RestAPIPOC/Info.plist;
				IPHONEOS_DEPLOYMENT_TARGET = 11.0;
				LD_RUNPATH_SEARCH_PATHS = (
					"$(inherited)",
					"@executable_path/Frameworks",
				);
				PRODUCT_BUNDLE_IDENTIFIER = com.siddharth.RestAPIPOC;
				PRODUCT_NAME = "$(TARGET_NAME)";
				SWIFT_VERSION = 5.0;
				TARGETED_DEVICE_FAMILY = "1,2";
			};
			name = Release;
		};
		9B7A1E57252CBBBA00B437F6 /* Debug */ = {
			isa = XCBuildConfiguration;
			buildSettings = {
				ALWAYS_EMBED_SWIFT_STANDARD_LIBRARIES = YES;
				BUNDLE_LOADER = "$(TEST_HOST)";
				CODE_SIGN_STYLE = Automatic;
				INFOPLIST_FILE = RestAPIPOCTests/Info.plist;
				IPHONEOS_DEPLOYMENT_TARGET = 13.5;
				LD_RUNPATH_SEARCH_PATHS = (
					"$(inherited)",
					"@executable_path/Frameworks",
					"@loader_path/Frameworks",
				);
				PRODUCT_BUNDLE_IDENTIFIER = com.siddharth.RestAPIPOCTests;
				PRODUCT_NAME = "$(TARGET_NAME)";
				SWIFT_VERSION = 5.0;
				TARGETED_DEVICE_FAMILY = "1,2";
				TEST_HOST = "$(BUILT_PRODUCTS_DIR)/RestAPIPOC.app/RestAPIPOC";
			};
			name = Debug;
		};
		9B7A1E58252CBBBA00B437F6 /* Release */ = {
			isa = XCBuildConfiguration;
			buildSettings = {
				ALWAYS_EMBED_SWIFT_STANDARD_LIBRARIES = YES;
				BUNDLE_LOADER = "$(TEST_HOST)";
				CODE_SIGN_STYLE = Automatic;
				INFOPLIST_FILE = RestAPIPOCTests/Info.plist;
				IPHONEOS_DEPLOYMENT_TARGET = 13.5;
				LD_RUNPATH_SEARCH_PATHS = (
					"$(inherited)",
					"@executable_path/Frameworks",
					"@loader_path/Frameworks",
				);
				PRODUCT_BUNDLE_IDENTIFIER = com.siddharth.RestAPIPOCTests;
				PRODUCT_NAME = "$(TARGET_NAME)";
				SWIFT_VERSION = 5.0;
				TARGETED_DEVICE_FAMILY = "1,2";
				TEST_HOST = "$(BUILT_PRODUCTS_DIR)/RestAPIPOC.app/RestAPIPOC";
			};
			name = Release;
		};
		9B7A1E5A252CBBBA00B437F6 /* Debug */ = {
			isa = XCBuildConfiguration;
			buildSettings = {
				ALWAYS_EMBED_SWIFT_STANDARD_LIBRARIES = YES;
				CODE_SIGN_STYLE = Automatic;
				INFOPLIST_FILE = RestAPIPOCUITests/Info.plist;
				LD_RUNPATH_SEARCH_PATHS = (
					"$(inherited)",
					"@executable_path/Frameworks",
					"@loader_path/Frameworks",
				);
				PRODUCT_BUNDLE_IDENTIFIER = com.siddharth.RestAPIPOCUITests;
				PRODUCT_NAME = "$(TARGET_NAME)";
				SWIFT_VERSION = 5.0;
				TARGETED_DEVICE_FAMILY = "1,2";
				TEST_TARGET_NAME = RestAPIPOC;
			};
			name = Debug;
		};
		9B7A1E5B252CBBBA00B437F6 /* Release */ = {
			isa = XCBuildConfiguration;
			buildSettings = {
				ALWAYS_EMBED_SWIFT_STANDARD_LIBRARIES = YES;
				CODE_SIGN_STYLE = Automatic;
				INFOPLIST_FILE = RestAPIPOCUITests/Info.plist;
				LD_RUNPATH_SEARCH_PATHS = (
					"$(inherited)",
					"@executable_path/Frameworks",
					"@loader_path/Frameworks",
				);
				PRODUCT_BUNDLE_IDENTIFIER = com.siddharth.RestAPIPOCUITests;
				PRODUCT_NAME = "$(TARGET_NAME)";
				SWIFT_VERSION = 5.0;
				TARGETED_DEVICE_FAMILY = "1,2";
				TEST_TARGET_NAME = RestAPIPOC;
			};
			name = Release;
		};
/* End XCBuildConfiguration section */

/* Begin XCConfigurationList section */
		9B7A1E24252CBBB800B437F6 /* Build configuration list for PBXProject "RestAPIPOC" */ = {
			isa = XCConfigurationList;
			buildConfigurations = (
				9B7A1E51252CBBBA00B437F6 /* Debug */,
				9B7A1E52252CBBBA00B437F6 /* Release */,
			);
			defaultConfigurationIsVisible = 0;
			defaultConfigurationName = Release;
		};
		9B7A1E53252CBBBA00B437F6 /* Build configuration list for PBXNativeTarget "RestAPIPOC" */ = {
			isa = XCConfigurationList;
			buildConfigurations = (
				9B7A1E54252CBBBA00B437F6 /* Debug */,
				9B7A1E55252CBBBA00B437F6 /* Release */,
			);
			defaultConfigurationIsVisible = 0;
			defaultConfigurationName = Release;
		};
		9B7A1E56252CBBBA00B437F6 /* Build configuration list for PBXNativeTarget "RestAPIPOCTests" */ = {
			isa = XCConfigurationList;
			buildConfigurations = (
				9B7A1E57252CBBBA00B437F6 /* Debug */,
				9B7A1E58252CBBBA00B437F6 /* Release */,
			);
			defaultConfigurationIsVisible = 0;
			defaultConfigurationName = Release;
		};
		9B7A1E59252CBBBA00B437F6 /* Build configuration list for PBXNativeTarget "RestAPIPOCUITests" */ = {
			isa = XCConfigurationList;
			buildConfigurations = (
				9B7A1E5A252CBBBA00B437F6 /* Debug */,
				9B7A1E5B252CBBBA00B437F6 /* Release */,
			);
			defaultConfigurationIsVisible = 0;
			defaultConfigurationName = Release;
		};
/* End XCConfigurationList section */
	};
	rootObject = 9B7A1E21252CBBB800B437F6 /* Project object */;
}
